
Microsoft Visual Studio Solution File, Format Version 12.00
# Visual Studio 15
Project("{FAE04EC0-301F-11D3-BF4B-00C04F79EFBC}") = "Fizzbuzz", "Fizzbuzz\Fizzbuzz.csproj", "{963EE6AD-7D89-4AEF-8216-12A46C4A8DEE}"
EndProject
Global
	GlobalSection(SolutionConfigurationPlatforms) = preSolution
		Debug|Any CPU = Debug|Any CPU
		Release|Any CPU = Release|Any CPU
	EndGlobalSection
	GlobalSection(ProjectConfigurationPlatforms) = postSolution
		{963EE6AD-7D89-4AEF-8216-12A46C4A8DEE}.Debug|Any CPU.ActiveCfg = Debug|Any CPU
		{963EE6AD-7D89-4AEF-8216-12A46C4A8DEE}.Debug|Any CPU.Build.0 = Debug|Any CPU
		{963EE6AD-7D89-4AEF-8216-12A46C4A8DEE}.Release|Any CPU.ActiveCfg = Release|Any CPU
		{963EE6AD-7D89-4AEF-8216-12A46C4A8DEE}.Release|Any CPU.Build.0 = Release|Any CPU
	EndGlobalSection
EndGlobal
